<?xml version="1.0" encoding="utf-8"?>
<Project ToolsVersion="4.0" xmlns="http://schemas.microsoft.com/developer/msbuild/2003">
  <ItemGroup>
    <Filter Include="Source Files">
      <UniqueIdentifier>{4FC737F1-C7A5-4376-A066-2A32D752A2FF}</UniqueIdentifier>
      <Extensions>cpp;c;cc;cxx;def;odl;idl;hpj;bat;asm;asmx</Extensions>
    </Filter>
    <Filter Include="Header Files">
      <UniqueIdentifier>{93995380-89BD-4b04-88EB-625FBE52EBFB}</UniqueIdentifier>
      <Extensions>h;hpp;hxx;hm;inl;inc;xsd</Extensions>
    </Filter>
    <Filter Include="Resource Files">
      <UniqueIdentifier>{67DA6AB6-F800-4c08-8B7A-83BB121AAD01}</UniqueIdentifier>
      <Extensions>rc;ico;cur;bmp;dlg;rc2;rct;bin;rgs;gif;jpg;jpeg;jpe;resx;tiff;tif;png;wav;mfcribbon-ms</Extensions>
    </Filter>
    <Filter Include="Common">
      <UniqueIdentifier>{04398af4-a248-451c-9a6d-b04e34b871f0}</UniqueIdentifier>
    </Filter>
    <Filter Include="Common\include">
      <UniqueIdentifier>{13da415f-6875-4b36-a367-3c9e21c1133a}</UniqueIdentifier>
    </Filter>
    <Filter Include="Common\src">
      <UniqueIdentifier>{8f417a48-dd87-485b-a9b7-c7e9734912e7}</UniqueIdentifier>
    </Filter>
  </ItemGroup>
  <ItemGroup>
    <None Include="res\gameicon.ico">
      <Filter>Resource Files</Filter>
    </None>
  </ItemGroup>
  <ItemGroup>
    <ClInclude Include="res\resource.h">
      <Filter>Resource Files</Filter>
    </ClInclude>
    <ClInclude Include="include\ML_ABase.h">
      <Filter>Header Files</Filter>
    </ClInclude>
    <ClInclude Include="include\ML_AIUnit.h">
      <Filter>Header Files</Filter>
    </ClInclude>
    <ClInclude Include="include\ML_Attacker.h">
      <Filter>Header Files</Filter>
    </ClInclude>
    <ClInclude Include="include\ML_AttackerCaller.h">
      <Filter>Header Files</Filter>
    </ClInclude>
    <ClInclude Include="include\ML_Bullet.h">
      <Filter>Header Files</Filter>
    </ClInclude>
    <ClInclude Include="include\ML_BulletShell.h">
      <Filter>Header Files</Filter>
    </ClInclude>
    <ClInclude Include="include\ML_Button.h">
      <Filter>Header Files</Filter>
    </ClInclude>
    <ClInclude Include="include\ML_Cannon.h">
      <Filter>Header Files</Filter>
    </ClInclude>
    <ClInclude Include="include\ML_CannonCaller.h">
      <Filter>Header Files</Filter>
    </ClInclude>
    <ClInclude Include="include\ML_ComboBox.h">
      <Filter>Header Files</Filter>
    </ClInclude>
    <ClInclude Include="include\ML_EnemyPlane.h">
      <Filter>Header Files</Filter>
    </ClInclude>
    <ClInclude Include="include\ML_EnemyVehicle.h">
      <Filter>Header Files</Filter>
    </ClInclude>
    <ClInclude Include="include\ML_EventPt.h">
      <Filter>Header Files</Filter>
    </ClInclude>
    <ClInclude Include="include\ML_FixedObject.h">
      <Filter>Header Files</Filter>
    </ClInclude>
    <ClInclude Include="include\ML_Game.h">
      <Filter>Header Files</Filter>
    </ClInclude>
    <ClInclude Include="include\ML_GameParams.h">
      <Filter>Header Files</Filter>
    </ClInclude>
    <ClInclude Include="include\ML_GamePlay.h">
      <Filter>Header Files</Filter>
    </ClInclude>
    <ClInclude Include="include\ML_Global.h">
      <Filter>Header Files</Filter>
    </ClInclude>
    <ClInclude Include="include\ML_Helicopter.h">
      <Filter>Header Files</Filter>
    </ClInclude>
    <ClInclude Include="include\ML_Interface.h">
      <Filter>Header Files</Filter>
    </ClInclude>
    <ClInclude Include="include\ML_KeyBox.h">
      <Filter>Header Files</Filter>
    </ClInclude>
    <ClInclude Include="include\ML_Language.h">
      <Filter>Header Files</Filter>
    </ClInclude>
    <ClInclude Include="include\ML_ListBox.h">
      <Filter>Header Files</Filter>
    </ClInclude>
    <ClInclude Include="include\ML_LogicWorld.h">
      <Filter>Header Files</Filter>
    </ClInclude>
    <ClInclude Include="include\ML_MainFrame.h">
      <Filter>Header Files</Filter>
    </ClInclude>
    <ClInclude Include="include\ML_ManagerDef.h">
      <Filter>Header Files</Filter>
    </ClInclude>
    <ClInclude Include="include\ML_ManAI.h">
      <Filter>Header Files</Filter>
    </ClInclude>
    <ClInclude Include="include\ML_ManBase.h">
      <Filter>Header Files</Filter>
    </ClInclude>
    <ClInclude Include="include\ML_ManBullet.h">
      <Filter>Header Files</Filter>
    </ClInclude>
    <ClInclude Include="include\ML_ManImage.h">
      <Filter>Header Files</Filter>
    </ClInclude>
    <ClInclude Include="include\ML_ManMessage.h">
      <Filter>Header Files</Filter>
    </ClInclude>
    <ClInclude Include="include\ML_ManObject.h">
      <Filter>Header Files</Filter>
    </ClInclude>
    <ClInclude Include="include\ML_ManPlayer.h">
      <Filter>Header Files</Filter>
    </ClInclude>
    <ClInclude Include="include\ML_ManRoute.h">
      <Filter>Header Files</Filter>
    </ClInclude>
    <ClInclude Include="include\ML_MessageBox.h">
      <Filter>Header Files</Filter>
    </ClInclude>
    <ClInclude Include="include\ML_Mission.h">
      <Filter>Header Files</Filter>
    </ClInclude>
    <ClInclude Include="include\ML_ModelUnit.h">
      <Filter>Header Files</Filter>
    </ClInclude>
    <ClInclude Include="include\ML_MsgDef.h">
      <Filter>Header Files</Filter>
    </ClInclude>
    <ClInclude Include="include\ML_Player.h">
      <Filter>Header Files</Filter>
    </ClInclude>
    <ClInclude Include="include\ML_Resources.h">
      <Filter>Header Files</Filter>
    </ClInclude>
    <ClInclude Include="include\ML_Route.h">
      <Filter>Header Files</Filter>
    </ClInclude>
    <ClInclude Include="include\ML_Scene.h">
      <Filter>Header Files</Filter>
    </ClInclude>
    <ClInclude Include="include\ML_TransKeyboard.h">
      <Filter>Header Files</Filter>
    </ClInclude>
    <ClInclude Include="include\ML_TransPlayerKeyboard.h">
      <Filter>Header Files</Filter>
    </ClInclude>
    <ClInclude Include="include\ML_TransPlayerMouse.h">
      <Filter>Header Files</Filter>
    </ClInclude>
    <ClInclude Include="include\ML_Unit.h">
      <Filter>Header Files</Filter>
    </ClInclude>
    <ClInclude Include="include\ML_UnitDef.h">
      <Filter>Header Files</Filter>
    </ClInclude>
    <ClInclude Include="include\ML_VSSetScene.h">
      <Filter>Header Files</Filter>
    </ClInclude>
    <ClInclude Include="include\ML_Weapon.h">
      <Filter>Header Files</Filter>
    </ClInclude>
    <ClInclude Include="include\ML_WeaponMachine.h">
      <Filter>Header Files</Filter>
    </ClInclude>
    <ClInclude Include="include\ML_WeaponMortar.h">
      <Filter>Header Files</Filter>
    </ClInclude>
    <ClInclude Include="include\ML_WeaponPistol.h">
      <Filter>Header Files</Filter>
    </ClInclude>
    <ClInclude Include="include\ML_WeaponRifle.h">
      <Filter>Header Files</Filter>
    </ClInclude>
    <ClInclude Include="include\ML_WeaponRPG.h">
      <Filter>Header Files</Filter>
    </ClInclude>
    <ClInclude Include="include\ML_WndConsole.h">
      <Filter>Header Files</Filter>
    </ClInclude>
    <ClInclude Include="include\ML_WndCredits.h">
      <Filter>Header Files</Filter>
    </ClInclude>
    <ClInclude Include="include\ML_WndESCPopup.h">
      <Filter>Header Files</Filter>
    </ClInclude>
    <ClInclude Include="include\ML_WndFailure.h">
      <Filter>Header Files</Filter>
    </ClInclude>
    <ClInclude Include="include\ML_WndFinalWin.h">
      <Filter>Header Files</Filter>
    </ClInclude>
    <ClInclude Include="include\ML_WndHelp.h">
      <Filter>Header Files</Filter>
    </ClInclude>
    <ClInclude Include="include\ML_WndKeySetting.h">
      <Filter>Header Files</Filter>
    </ClInclude>
    <ClInclude Include="include\ML_WndLoadGame.h">
      <Filter>Header Files</Filter>
    </ClInclude>
    <ClInclude Include="include\ML_WndLoading.h">
      <Filter>Header Files</Filter>
    </ClInclude>
    <ClInclude Include="include\ML_WndMainMenu.h">
      <Filter>Header Files</Filter>
    </ClInclude>
    <ClInclude Include="include\ML_WndManager.h">
      <Filter>Header Files</Filter>
    </ClInclude>
    <ClInclude Include="include\ML_WndPlayHelp.h">
      <Filter>Header Files</Filter>
    </ClInclude>
    <ClInclude Include="include\ML_WndScore.h">
      <Filter>Header Files</Filter>
    </ClInclude>
    <ClInclude Include="include\ML_WndScroll.h">
      <Filter>Header Files</Filter>
    </ClInclude>
    <ClInclude Include="include\ML_WndSetting.h">
      <Filter>Header Files</Filter>
    </ClInclude>
    <ClInclude Include="include\ML_WndSysSetting.h">
      <Filter>Header Files</Filter>
    </ClInclude>
    <ClInclude Include="include\ML_WndUnitHelp.h">
      <Filter>Header Files</Filter>
    </ClInclude>
    <ClInclude Include="include\ML_WndVictory.h">
      <Filter>Header Files</Filter>
    </ClInclude>
    <ClInclude Include="include\ML_WndVideo.h">
      <Filter>Header Files</Filter>
    </ClInclude>
    <ClInclude Include="include\ML_World.h">
      <Filter>Header Files</Filter>
    </ClInclude>
    <ClInclude Include="..\Common\include\ML_ABasePatch.h">
      <Filter>Common\include</Filter>
    </ClInclude>
    <ClInclude Include="..\Common\include\ML_ActorSet.h">
      <Filter>Common\include</Filter>
    </ClInclude>
    <ClInclude Include="..\Common\include\ML_AISet.h">
      <Filter>Common\include</Filter>
    </ClInclude>
    <ClInclude Include="..\Common\include\ML_Database.h">
      <Filter>Common\include</Filter>
    </ClInclude>
    <ClInclude Include="..\Common\include\ML_EditorJoint.h">
      <Filter>Common\include</Filter>
    </ClInclude>
    <ClInclude Include="..\Common\include\ML_EnvSchemeSet.h">
      <Filter>Common\include</Filter>
    </ClInclude>
    <ClInclude Include="..\Common\include\ML_EnvSet.h">
      <Filter>Common\include</Filter>
    </ClInclude>
    <ClInclude Include="..\Common\include\ML_EventPtData.h">
      <Filter>Common\include</Filter>
    </ClInclude>
    <ClInclude Include="..\Common\include\ML_FixedObjData.h">
      <Filter>Common\include</Filter>
    </ClInclude>
    <ClInclude Include="..\Common\include\ML_GeneralSet.h">
      <Filter>Common\include</Filter>
    </ClInclude>
    <ClInclude Include="..\Common\include\ML_ID.h">
      <Filter>Common\include</Filter>
    </ClInclude>
    <ClInclude Include="..\Common\include\ML_LevelData.h">
      <Filter>Common\include</Filter>
    </ClInclude>
    <ClInclude Include="..\Common\include\ML_LevelFiles.h">
      <Filter>Common\include</Filter>
    </ClInclude>
    <ClInclude Include="..\Common\include\ML_MapData.h">
      <Filter>Common\include</Filter>
    </ClInclude>
    <ClInclude Include="..\Common\include\ML_MissionData.h">
      <Filter>Common\include</Filter>
    </ClInclude>
    <ClInclude Include="..\Common\include\ML_RouteData.h">
      <Filter>Common\include</Filter>
    </ClInclude>
    <ClInclude Include="..\Common\include\ML_SkySet.h">
      <Filter>Common\include</Filter>
    </ClInclude>
    <ClInclude Include="..\Common\include\ML_Strings.h">
      <Filter>Common\include</Filter>
    </ClInclude>
    <ClInclude Include="..\Common\include\ML_Utility.h">
      <Filter>Common\include</Filter>
    </ClInclude>
    <ClInclude Include="..\Common\include\ObjectPool.h">
      <Filter>Common\include</Filter>
    </ClInclude>
  </ItemGroup>
  <ItemGroup>
    <ResourceCompile Include="res\Malah.rc">
      <Filter>Resource Files</Filter>
    </ResourceCompile>
  </ItemGroup>
  <ItemGroup>
    <ClCompile Include="src\Malah.cpp">
      <Filter>Source Files</Filter>
    </ClCompile>
    <ClCompile Include="src\ML_AIUnit.cpp">
      <Filter>Source Files</Filter>
    </ClCompile>
    <ClCompile Include="src\ML_AIUnitAct.cpp">
      <Filter>Source Files</Filter>
    </ClCompile>
    <ClCompile Include="src\ML_AIUnitEvent.cpp">
      <Filter>Source Files</Filter>
    </ClCompile>
    <ClCompile Include="src\ML_Attacker.cpp">
      <Filter>Source Files</Filter>
    </ClCompile>
    <ClCompile Include="src\ML_AttackerCaller.cpp">
      <Filter>Source Files</Filter>
    </ClCompile>
    <ClCompile Include="src\ML_Bullet.cpp">
      <Filter>Source Files</Filter>
    </ClCompile>
    <ClCompile Include="src\ML_BulletShell.cpp">
      <Filter>Source Files</Filter>
    </ClCompile>
    <ClCompile Include="src\ML_Button.cpp">
      <Filter>Source Files</Filter>
    </ClCompile>
    <ClCompile Include="src\ML_Cannon.cpp">
      <Filter>Source Files</Filter>
    </ClCompile>
    <ClCompile Include="src\ML_CannonCaller.cpp">
      <Filter>Source Files</Filter>
    </ClCompile>
    <ClCompile Include="src\ML_ComboBox.cpp">
      <Filter>Source Files</Filter>
    </ClCompile>
    <ClCompile Include="src\ML_EnemyPlane.cpp">
      <Filter>Source Files</Filter>
    </ClCompile>
    <ClCompile Include="src\ML_EnemyVehicle.cpp">
      <Filter>Source Files</Filter>
    </ClCompile>
    <ClCompile Include="src\ML_EventPt.cpp">
      <Filter>Source Files</Filter>
    </ClCompile>
    <ClCompile Include="src\ML_FixedObject.cpp">
      <Filter>Source Files</Filter>
    </ClCompile>
    <ClCompile Include="src\ML_Game.cpp">
      <Filter>Source Files</Filter>
    </ClCompile>
    <ClCompile Include="src\ML_GameParams.cpp">
      <Filter>Source Files</Filter>
    </ClCompile>
    <ClCompile Include="src\ML_GamePlay.cpp">
      <Filter>Source Files</Filter>
    </ClCompile>
    <ClCompile Include="src\ML_GamePlaySwitch.cpp">
      <Filter>Source Files</Filter>
    </ClCompile>
    <ClCompile Include="src\ML_Global.cpp">
      <Filter>Source Files</Filter>
    </ClCompile>
    <ClCompile Include="src\ML_Helicopter.cpp">
      <Filter>Source Files</Filter>
    </ClCompile>
    <ClCompile Include="src\ML_KeyBox.cpp">
      <Filter>Source Files</Filter>
    </ClCompile>
    <ClCompile Include="src\ML_ListBox.cpp">
      <Filter>Source Files</Filter>
    </ClCompile>
    <ClCompile Include="src\ML_LogicWorld.cpp">
      <Filter>Source Files</Filter>
    </ClCompile>
    <ClCompile Include="src\ML_MainFrame.cpp">
      <Filter>Source Files</Filter>
    </ClCompile>
    <ClCompile Include="src\ML_ManAI.cpp">
      <Filter>Source Files</Filter>
    </ClCompile>
    <ClCompile Include="src\ML_ManBullet.cpp">
      <Filter>Source Files</Filter>
    </ClCompile>
    <ClCompile Include="src\ML_ManImage.cpp">
      <Filter>Source Files</Filter>
    </ClCompile>
    <ClCompile Include="src\ML_ManMessage.cpp">
      <Filter>Source Files</Filter>
    </ClCompile>
    <ClCompile Include="src\ML_ManObject.cpp">
      <Filter>Source Files</Filter>
    </ClCompile>
    <ClCompile Include="src\ML_ManPlayer.cpp">
      <Filter>Source Files</Filter>
    </ClCompile>
    <ClCompile Include="src\ML_ManRoute.cpp">
      <Filter>Source Files</Filter>
    </ClCompile>
    <ClCompile Include="src\ML_MessageBox.cpp">
      <Filter>Source Files</Filter>
    </ClCompile>
    <ClCompile Include="src\ML_Mission.cpp">
      <Filter>Source Files</Filter>
    </ClCompile>
    <ClCompile Include="src\ML_ModelUnit.cpp">
      <Filter>Source Files</Filter>
    </ClCompile>
    <ClCompile Include="src\ML_Player.cpp">
      <Filter>Source Files</Filter>
    </ClCompile>
    <ClCompile Include="src\ML_Resources.cpp">
      <Filter>Source Files</Filter>
    </ClCompile>
    <ClCompile Include="src\ML_Route.cpp">
      <Filter>Source Files</Filter>
    </ClCompile>
    <ClCompile Include="src\ML_Scene.cpp">
      <Filter>Source Files</Filter>
    </ClCompile>
    <ClCompile Include="src\ML_TransKeyboard.cpp">
      <Filter>Source Files</Filter>
    </ClCompile>
    <ClCompile Include="src\ML_TransPlayerKeyboard.cpp">
      <Filter>Source Files</Filter>
    </ClCompile>
    <ClCompile Include="src\ML_TransPlayerMouse.cpp">
      <Filter>Source Files</Filter>
    </ClCompile>
    <ClCompile Include="src\ML_Unit.cpp">
      <Filter>Source Files</Filter>
    </ClCompile>
    <ClCompile Include="src\ML_VSSetScene.cpp">
      <Filter>Source Files</Filter>
    </ClCompile>
    <ClCompile Include="src\ML_Weapon.cpp">
      <Filter>Source Files</Filter>
    </ClCompile>
    <ClCompile Include="src\ML_WeaponMachine.cpp">
      <Filter>Source Files</Filter>
    </ClCompile>
    <ClCompile Include="src\ML_WeaponMortar.cpp">
      <Filter>Source Files</Filter>
    </ClCompile>
    <ClCompile Include="src\ML_WeaponPistol.cpp">
      <Filter>Source Files</Filter>
    </ClCompile>
    <ClCompile Include="src\ML_WeaponRifle.cpp">
      <Filter>Source Files</Filter>
    </ClCompile>
    <ClCompile Include="src\ML_WeaponRPG.cpp">
      <Filter>Source Files</Filter>
    </ClCompile>
    <ClCompile Include="src\ML_WndConsole.cpp">
      <Filter>Source Files</Filter>
    </ClCompile>
    <ClCompile Include="src\ML_WndCredits.cpp">
      <Filter>Source Files</Filter>
    </ClCompile>
    <ClCompile Include="src\ML_WndESCPopup.cpp">
      <Filter>Source Files</Filter>
    </ClCompile>
    <ClCompile Include="src\ML_WndFailure.cpp">
      <Filter>Source Files</Filter>
    </ClCompile>
    <ClCompile Include="src\ML_WndFinalWin.cpp">
      <Filter>Source Files</Filter>
    </ClCompile>
    <ClCompile Include="src\ML_WndHelp.cpp">
      <Filter>Source Files</Filter>
    </ClCompile>
    <ClCompile Include="src\ML_WndKeySetting.cpp">
      <Filter>Source Files</Filter>
    </ClCompile>
    <ClCompile Include="src\ML_WndLoadGame.cpp">
      <Filter>Source Files</Filter>
    </ClCompile>
    <ClCompile Include="src\ML_WndLoading.cpp">
      <Filter>Source Files</Filter>
    </ClCompile>
    <ClCompile Include="src\ML_WndMainMenu.cpp">
      <Filter>Source Files</Filter>
    </ClCompile>
    <ClCompile Include="src\ML_WndManager.cpp">
      <Filter>Source Files</Filter>
    </ClCompile>
    <ClCompile Include="src\ML_WndPlayHelp.cpp">
      <Filter>Source Files</Filter>
    </ClCompile>
    <ClCompile Include="src\ML_WndScore.cpp">
      <Filter>Source Files</Filter>
    </ClCompile>
    <ClCompile Include="src\ML_WndScroll.cpp">
      <Filter>Source Files</Filter>
    </ClCompile>
    <ClCompile Include="src\ML_WndSetting.cpp">
      <Filter>Source Files</Filter>
    </ClCompile>
    <ClCompile Include="src\ML_WndSysSetting.cpp">
      <Filter>Source Files</Filter>
    </ClCompile>
    <ClCompile Include="src\ML_WndUnitHelp.cpp">
      <Filter>Source Files</Filter>
    </ClCompile>
    <ClCompile Include="src\ML_WndVictory.cpp">
      <Filter>Source Files</Filter>
    </ClCompile>
    <ClCompile Include="src\ML_WndVideo.cpp">
      <Filter>Source Files</Filter>
    </ClCompile>
    <ClCompile Include="src\ML_World.cpp">
      <Filter>Source Files</Filter>
    </ClCompile>
    <ClCompile Include="..\Common\src\ML_ActorSet.cpp">
      <Filter>Common\src</Filter>
    </ClCompile>
    <ClCompile Include="..\Common\src\ML_AISet.cpp">
      <Filter>Common\src</Filter>
    </ClCompile>
    <ClCompile Include="..\Common\src\ML_EditorJoint.cpp">
      <Filter>Common\src</Filter>
    </ClCompile>
    <ClCompile Include="..\Common\src\ML_EnvSchemeSet.cpp">
      <Filter>Common\src</Filter>
    </ClCompile>
    <ClCompile Include="..\Common\src\ML_EnvSet.cpp">
      <Filter>Common\src</Filter>
    </ClCompile>
    <ClCompile Include="..\Common\src\ML_EventPtData.cpp">
      <Filter>Common\src</Filter>
    </ClCompile>
    <ClCompile Include="..\Common\src\ML_FixedObjData.cpp">
      <Filter>Common\src</Filter>
    </ClCompile>
    <ClCompile Include="..\Common\src\ML_GeneralSet.cpp">
      <Filter>Common\src</Filter>
    </ClCompile>
    <ClCompile Include="..\Common\src\ML_LevelFiles.cpp">
      <Filter>Common\src</Filter>
    </ClCompile>
    <ClCompile Include="..\Common\src\ML_MapData.cpp">
      <Filter>Common\src</Filter>
    </ClCompile>
    <ClCompile Include="..\Common\src\ML_MissionData.cpp">
      <Filter>Common\src</Filter>
    </ClCompile>
    <ClCompile Include="..\Common\src\ML_RouteData.cpp">
      <Filter>Common\src</Filter>
    </ClCompile>
    <ClCompile Include="..\Common\src\ML_SkySet.cpp">
      <Filter>Common\src</Filter>
    </ClCompile>
    <ClCompile Include="..\Common\src\ML_Strings.cpp">
      <Filter>Common\src</Filter>
    </ClCompile>
    <ClCompile Include="..\Common\src\ML_Utility.cpp">
      <Filter>Common\src</Filter>
    </ClCompile>
  </ItemGroup>
</Project>