<?xml version="1.0" encoding="utf-8"?>
<Project ToolsVersion="4.0" xmlns="http://schemas.microsoft.com/developer/msbuild/2003">
  <ItemGroup>
    <Filter Include="Source Files">
      <UniqueIdentifier>{dd2270d5-457d-4a61-aeae-d53706f55cb9}</UniqueIdentifier>
      <Extensions>cpp;c;cxx;rc;def;r;odl;idl;hpj;bat</Extensions>
    </Filter>
    <Filter Include="Header Files">
      <UniqueIdentifier>{b24ac473-a4a2-4784-a1ee-fb932709d848}</UniqueIdentifier>
      <Extensions>h;hpp;hxx;hm;inl</Extensions>
    </Filter>
  </ItemGroup>
  <ItemGroup>
    <ClInclude Include="include\common.h">
      <Filter>Header Files</Filter>
    </ClInclude>
    <ClInclude Include="include\decoder.h">
      <Filter>Header Files</Filter>
    </ClInclude>
    <ClInclude Include="include\genre.h">
      <Filter>Header Files</Filter>
    </ClInclude>
    <ClInclude Include="include\getbits.h">
      <Filter>Header Files</Filter>
    </ClInclude>
    <ClInclude Include="include\huffman.h">
      <Filter>Header Files</Filter>
    </ClInclude>
    <ClInclude Include="include\l2tables.h">
      <Filter>Header Files</Filter>
    </ClInclude>
    <ClInclude Include="include\Mp3Lib.h">
      <Filter>Header Files</Filter>
    </ClInclude>
    <ClInclude Include="include\mpg123.h">
      <Filter>Header Files</Filter>
    </ClInclude>
    <ClInclude Include="include\readers.h">
      <Filter>Header Files</Filter>
    </ClInclude>
  </ItemGroup>
  <ItemGroup>
    <ClCompile Include="src\common.cpp">
      <Filter>Source Files</Filter>
    </ClCompile>
    <ClCompile Include="src\dct64_i386.cpp">
      <Filter>Source Files</Filter>
    </ClCompile>
    <ClCompile Include="src\decode_2to1.cpp">
      <Filter>Source Files</Filter>
    </ClCompile>
    <ClCompile Include="src\decode_4to1.cpp">
      <Filter>Source Files</Filter>
    </ClCompile>
    <ClCompile Include="src\decode_i386.cpp">
      <Filter>Source Files</Filter>
    </ClCompile>
    <ClCompile Include="src\decode_ntom.cpp">
      <Filter>Source Files</Filter>
    </ClCompile>
    <ClCompile Include="src\equalizer.cpp">
      <Filter>Source Files</Filter>
    </ClCompile>
    <ClCompile Include="src\getbits.cpp">
      <Filter>Source Files</Filter>
    </ClCompile>
    <ClCompile Include="src\layer1.cpp">
      <Filter>Source Files</Filter>
    </ClCompile>
    <ClCompile Include="src\layer2.cpp">
      <Filter>Source Files</Filter>
    </ClCompile>
    <ClCompile Include="src\layer3.cpp">
      <Filter>Source Files</Filter>
    </ClCompile>
    <ClCompile Include="src\mpg123.cpp">
      <Filter>Source Files</Filter>
    </ClCompile>
    <ClCompile Include="src\readers.cpp">
      <Filter>Source Files</Filter>
    </ClCompile>
    <ClCompile Include="src\tabinit.cpp">
      <Filter>Source Files</Filter>
    </ClCompile>
  </ItemGroup>
</Project>