<?xml version="1.0" encoding="utf-8"?>
<Project ToolsVersion="4.0" xmlns="http://schemas.microsoft.com/developer/msbuild/2003">
  <ItemGroup>
    <Filter Include="Source Files">
      <UniqueIdentifier>{4FC737F1-C7A5-4376-A066-2A32D752A2FF}</UniqueIdentifier>
      <Extensions>cpp;c;cc;cxx;c++;cppm;ixx;def;odl;idl;hpj;bat;asm;asmx</Extensions>
    </Filter>
    <Filter Include="Header Files">
      <UniqueIdentifier>{93995380-89BD-4b04-88EB-625FBE52EBFB}</UniqueIdentifier>
      <Extensions>h;hh;hpp;hxx;h++;hm;inl;inc;ipp;xsd</Extensions>
    </Filter>
    <Filter Include="Resource Files">
      <UniqueIdentifier>{67DA6AB6-F800-4c08-8B7A-83BB121AAD01}</UniqueIdentifier>
      <Extensions>rc;ico;cur;bmp;dlg;rc2;rct;bin;rgs;gif;jpg;jpeg;jpe;resx;tiff;tif;png;wav;mfcribbon-ms</Extensions>
    </Filter>
    <Filter Include="Source Files\3D">
      <UniqueIdentifier>{a6a24232-6a70-4fdf-934c-0eced1484183}</UniqueIdentifier>
    </Filter>
    <Filter Include="Source Files\Common">
      <UniqueIdentifier>{0f60dc1c-462f-468c-b491-cf1f091048e5}</UniqueIdentifier>
    </Filter>
    <Filter Include="Source Files\File">
      <UniqueIdentifier>{95ea7520-b57a-4e5a-930a-013e19c089a7}</UniqueIdentifier>
    </Filter>
    <Filter Include="Source Files\Media">
      <UniqueIdentifier>{9e52f539-fcea-4da9-acb9-f58b04de4697}</UniqueIdentifier>
    </Filter>
    <Filter Include="Header Files\3D">
      <UniqueIdentifier>{f1df70a4-6345-4286-a051-c160b30ac1a0}</UniqueIdentifier>
    </Filter>
    <Filter Include="Header Files\Common">
      <UniqueIdentifier>{b457ca75-b34d-479a-9ce1-376e9b655f6a}</UniqueIdentifier>
    </Filter>
    <Filter Include="Header Files\File">
      <UniqueIdentifier>{8474cccc-45e7-44f0-af9f-fd1920c996f0}</UniqueIdentifier>
    </Filter>
    <Filter Include="Header Files\Media">
      <UniqueIdentifier>{b957c4c9-7b6f-4ef4-9839-ecd20f832f0b}</UniqueIdentifier>
    </Filter>
  </ItemGroup>
  <ItemGroup>
    <ClInclude Include="include\common\ABaseDef.h">
      <Filter>Header Files\Common</Filter>
    </ClInclude>
    <ClInclude Include="include\common\Base64.h">
      <Filter>Header Files\Common</Filter>
    </ClInclude>
    <ClInclude Include="include\common\ALog.h">
      <Filter>Header Files\Common</Filter>
    </ClInclude>
    <ClInclude Include="include\file\AFile.h">
      <Filter>Header Files\File</Filter>
    </ClInclude>
    <ClInclude Include="include\file\AFI.h">
      <Filter>Header Files\File</Filter>
    </ClInclude>
    <ClInclude Include="include\file\AFilePackage.h">
      <Filter>Header Files\File</Filter>
    </ClInclude>
    <ClInclude Include="include\file\AFPI.h">
      <Filter>Header Files\File</Filter>
    </ClInclude>
    <ClInclude Include="include\common\StringConvert.h">
      <Filter>Header Files\Common</Filter>
    </ClInclude>
    <ClInclude Include="include\file\AFileImage.h">
      <Filter>Header Files\File</Filter>
    </ClInclude>
  </ItemGroup>
  <ItemGroup>
    <ClCompile Include="src\common\Base64.cpp">
      <Filter>Source Files\Common</Filter>
    </ClCompile>
    <ClCompile Include="src\common\ALog.cpp">
      <Filter>Source Files\Common</Filter>
    </ClCompile>
    <ClCompile Include="src\file\AFile.cpp">
      <Filter>Source Files\File</Filter>
    </ClCompile>
    <ClCompile Include="src\file\AFI.cpp">
      <Filter>Source Files\File</Filter>
    </ClCompile>
    <ClCompile Include="src\file\AFilePackage.cpp">
      <Filter>Source Files\File</Filter>
    </ClCompile>
    <ClCompile Include="src\file\AFileImage.cpp">
      <Filter>Source Files\File</Filter>
    </ClCompile>
  </ItemGroup>
</Project>